
Microsoft Visual Studio Solution File, Format Version 12.00
# Visual Studio Version 17
VisualStudioVersion = 17.4.33213.308
MinimumVisualStudioVersion = 10.0.40219.1
Project("{F184B08F-C81C-45F6-A57F-5ABD9991F28F}") = "PrjTeisendajaAken", "PrjTeisendajaAken\PrjTeisendajaAken.vbproj", "{3CD09AE0-A125-4B37-84BC-CC6932411E19}"
EndProject
Project("{F184B08F-C81C-45F6-A57F-5ABD9991F28F}") = "PrjTeisendajaKomponent", "PrjTeisendajaKomponent\PrjTeisendajaKomponent.vbproj", "{033AA3FF-130D-435D-8116-6EA614FE5C91}"
EndProject
Global
	GlobalSection(SolutionConfigurationPlatforms) = preSolution
		Debug|Any CPU = Debug|Any CPU
		Release|Any CPU = Release|Any CPU
	EndGlobalSection
	GlobalSection(ProjectConfigurationPlatforms) = postSolution
		{3CD09AE0-A125-4B37-84BC-CC6932411E19}.Debug|Any CPU.ActiveCfg = Debug|Any CPU
		{3CD09AE0-A125-4B37-84BC-CC6932411E19}.Debug|Any CPU.Build.0 = Debug|Any CPU
		{3CD09AE0-A125-4B37-84BC-CC6932411E19}.Release|Any CPU.ActiveCfg = Release|Any CPU
		{3CD09AE0-A125-4B37-84BC-CC6932411E19}.Release|Any CPU.Build.0 = Release|Any CPU
		{033AA3FF-130D-435D-8116-6EA614FE5C91}.Debug|Any CPU.ActiveCfg = Debug|Any CPU
		{033AA3FF-130D-435D-8116-6EA614FE5C91}.Debug|Any CPU.Build.0 = Debug|Any CPU
		{033AA3FF-130D-435D-8116-6EA614FE5C91}.Release|Any CPU.ActiveCfg = Release|Any CPU
		{033AA3FF-130D-435D-8116-6EA614FE5C91}.Release|Any CPU.Build.0 = Release|Any CPU
	EndGlobalSection
	GlobalSection(SolutionProperties) = preSolution
		HideSolutionNode = FALSE
	EndGlobalSection
	GlobalSection(ExtensibilityGlobals) = postSolution
		SolutionGuid = {C9590AB1-070B-487D-9FB4-D5069C3FBC01}
	EndGlobalSection
EndGlobal
